
Microsoft Visual Studio Solution File, Format Version 12.00
# Visual Studio Version 17
VisualStudioVersion = 17.12.35527.113
MinimumVisualStudioVersion = 10.0.40219.1
Project("{FAE04EC0-301F-11D3-BF4B-00C04F79EFBC}") = "Proiect1 - Shapes", "Proiect1 - Shapes\Proiect1 - Shapes.csproj", "{184A4B73-F007-408B-9A87-68759D7156B5}"
EndProject
Project("{FAE04EC0-301F-11D3-BF4B-00C04F79EFBC}") = "DrawUI", "DrawUI\DrawUI.csproj", "{F0FB9B29-3BB0-4BF3-BADB-95159396C023}"
EndProject
Global
	GlobalSection(SolutionConfigurationPlatforms) = preSolution
		Debug|Any CPU = Debug|Any CPU
		Release|Any CPU = Release|Any CPU
	EndGlobalSection
	GlobalSection(ProjectConfigurationPlatforms) = postSolution
		{184A4B73-F007-408B-9A87-68759D7156B5}.Debug|Any CPU.ActiveCfg = Debug|Any CPU
		{184A4B73-F007-408B-9A87-68759D7156B5}.Debug|Any CPU.Build.0 = Debug|Any CPU
		{184A4B73-F007-408B-9A87-68759D7156B5}.Release|Any CPU.ActiveCfg = Release|Any CPU
		{184A4B73-F007-408B-9A87-68759D7156B5}.Release|Any CPU.Build.0 = Release|Any CPU
		{F0FB9B29-3BB0-4BF3-BADB-95159396C023}.Debug|Any CPU.ActiveCfg = Debug|Any CPU
		{F0FB9B29-3BB0-4BF3-BADB-95159396C023}.Debug|Any CPU.Build.0 = Debug|Any CPU
		{F0FB9B29-3BB0-4BF3-BADB-95159396C023}.Release|Any CPU.ActiveCfg = Release|Any CPU
		{F0FB9B29-3BB0-4BF3-BADB-95159396C023}.Release|Any CPU.Build.0 = Release|Any CPU
	EndGlobalSection
	GlobalSection(SolutionProperties) = preSolution
		HideSolutionNode = FALSE
	EndGlobalSection
	GlobalSection(ExtensibilityGlobals) = postSolution
		SolutionGuid = {735A78C0-4206-4B5E-BBB3-AB63D998E023}
	EndGlobalSection
EndGlobal
